// !$*UTF8*$!
{
	archiveVersion = 1;
	classes = {
	};
	objectVersion = 46;
	objects = {

/* Begin PBXBuildFile section */
		C7AB83181F3CAB1E0007A5FE /* AppDelegate.swift in Sources */ = {isa = PBXBuildFile; fileRef = C7AB83171F3CAB1E0007A5FE /* AppDelegate.swift */; };
		C7AB831A1F3CAB1E0007A5FE /* ViewController.swift in Sources */ = {isa = PBXBuildFile; fileRef = C7AB83191F3CAB1E0007A5FE /* ViewController.swift */; };
		C7AB831D1F3CAB1E0007A5FE /* Main.storyboard in Resources */ = {isa = PBXBuildFile; fileRef = C7AB831B1F3CAB1E0007A5FE /* Main.storyboard */; };
		C7AB831F1F3CAB1E0007A5FE /* Assets.xcassets in Resources */ = {isa = PBXBuildFile; fileRef = C7AB831E1F3CAB1E0007A5FE /* Assets.xcassets */; };
		C7AB83221F3CAB1E0007A5FE /* LaunchScreen.storyboard in Resources */ = {isa = PBXBuildFile; fileRef = C7AB83201F3CAB1E0007A5FE /* LaunchScreen.storyboard */; };
		C7AB832B1F3CAC320007A5FE /* CalculatorBrain.swift in Sources */ = {isa = PBXBuildFile; fileRef = C7AB832A1F3CAC320007A5FE /* CalculatorBrain.swift */; };
/* End PBXBuildFile section */

/* Begin PBXFileReference section */
		C7AB83141F3CAB1E0007A5FE /* stanford.app */ = {isa = PBXFileReference; explicitFileType = wrapper.application; includeInIndex = 0; path = stanford.app; sourceTree = BUILT_PRODUCTS_DIR; };
		C7AB83171F3CAB1E0007A5FE /* AppDelegate.swift */ = {isa = PBXFileReference; lastKnownFileType = sourcecode.swift; path = AppDelegate.swift; sourceTree = "<group>"; };
		C7AB83191F3CAB1E0007A5FE /* ViewController.swift */ = {isa = PBXFileReference; lastKnownFileType = sourcecode.swift; path = ViewController.swift; sourceTree = "<group>"; };
		C7AB831C1F3CAB1E0007A5FE /* Base */ = {isa = PBXFileReference; lastKnownFileType = file.storyboard; name = Base; path = Base.lproj/Main.storyboard; sourceTree = "<group>"; };
		C7AB831E1F3CAB1E0007A5FE /* Assets.xcassets */ = {isa = PBXFileReference; lastKnownFileType = folder.assetcatalog; path = Assets.xcassets; sourceTree = "<group>"; };
		C7AB83211F3CAB1E0007A5FE /* Base */ = {isa = PBXFileReference; lastKnownFileType = file.storyboard; name = Base; path = Base.lproj/LaunchScreen.storyboard; sourceTree = "<group>"; };
		C7AB83231F3CAB1E0007A5FE /* Info.plist */ = {isa = PBXFileReference; lastKnownFileType = text.plist.xml; path = Info.plist; sourceTree = "<group>"; };
		C7AB832A1F3CAC320007A5FE /* CalculatorBrain.swift */ = {isa = PBXFileReference; fileEncoding = 4; lastKnownFileType = sourcecode.swift; path = CalculatorBrain.swift; sourceTree = "<group>"; };
/* End PBXFileReference section */

/* Begin PBXFrameworksBuildPhase section */
		C7AB83111F3CAB1D0007A5FE /* Frameworks */ = {
			isa = PBXFrameworksBuildPhase;
			buildActionMask = 2147483647;
			files = (
			);
			runOnlyForDeploymentPostprocessing = 0;
		};
/* End PBXFrameworksBuildPhase section */

/* Begin PBXGroup section */
		C7AB830B1F3CAB1D0007A5FE = {
			isa = PBXGroup;
			children = (
				C7AB83161F3CAB1E0007A5FE /* stanford */,
				C7AB83151F3CAB1E0007A5FE /* Products */,
			);
			sourceTree = "<group>";
		};
		C7AB83151F3CAB1E0007A5FE /* Products */ = {
			isa = PBXGroup;
			children = (
				C7AB83141F3CAB1E0007A5FE /* stanford.app */,
			);
			name = Products;
			sourceTree = "<group>";
		};
		C7AB83161F3CAB1E0007A5FE /* stanford */ = {
			isa = PBXGroup;
			children = (
				C7AB83291F3CAC090007A5FE /* Supporting Files */,
				C7AB83191F3CAB1E0007A5FE /* ViewController.swift */,
				C7AB831B1F3CAB1E0007A5FE /* Main.storyboard */,
				C7AB832A1F3CAC320007A5FE /* CalculatorBrain.swift */,
				C7AB831E1F3CAB1E0007A5FE /* Assets.xcassets */,
			);
			path = stanford;
			sourceTree = "<group>";
		};
		C7AB83291F3CAC090007A5FE /* Supporting Files */ = {
			isa = PBXGroup;
			children = (
				C7AB83171F3CAB1E0007A5FE /* AppDelegate.swift */,
				C7AB83201F3CAB1E0007A5FE /* LaunchScreen.storyboard */,
				C7AB83231F3CAB1E0007A5FE /* Info.plist */,
			);
			name = "Supporting Files";
			sourceTree = "<group>";
		};
/* End PBXGroup section */

/* Begin PBXNativeTarget section */
		C7AB83131F3CAB1D0007A5FE /* stanford */ = {
			isa = PBXNativeTarget;
			buildConfigurationList = C7AB83261F3CAB1E0007A5FE /* Build configuration list for PBXNativeTarget "stanford" */;
			buildPhases = (
				C7AB83101F3CAB1D0007A5FE /* Sources */,
				C7AB83111F3CAB1D0007A5FE /* Frameworks */,
				C7AB83121F3CAB1D0007A5FE /* Resources */,
			);
			buildRules = (
			);
			dependencies = (
			);
			name = stanford;
			productName = stanford;
			productReference = C7AB83141F3CAB1E0007A5FE /* stanford.app */;
			productType = "com.apple.product-type.application";
		};
/* End PBXNativeTarget section */

/* Begin PBXProject section */
		C7AB830C1F3CAB1D0007A5FE /* Project object */ = {
			isa = PBXProject;
			attributes = {
				LastSwiftUpdateCheck = 0800;
				LastUpgradeCheck = 0800;
				ORGANIZATIONNAME = Gautam;
				TargetAttributes = {
					C7AB83131F3CAB1D0007A5FE = {
						CreatedOnToolsVersion = 8.0;
						DevelopmentTeam = 87WM9EFVDN;
						ProvisioningStyle = Automatic;
					};
				};
			};
			buildConfigurationList = C7AB830F1F3CAB1D0007A5FE /* Build configuration list for PBXProject "stanford" */;
			compatibilityVersion = "Xcode 3.2";
			developmentRegion = English;
			hasScannedForEncodings = 0;
			knownRegions = (
				en,
				Base,
			);
			mainGroup = C7AB830B1F3CAB1D0007A5FE;
			productRefGroup = C7AB83151F3CAB1E0007A5FE /* Products */;
			projectDirPath = "";
			projectRoot = "";
			targets = (
				C7AB83131F3CAB1D0007A5FE /* stanford */,
			);
		};
/* End PBXProject section */

/* Begin PBXResourcesBuildPhase section */
		C7AB83121F3CAB1D0007A5FE /* Resources */ = {
			isa = PBXResourcesBuildPhase;
			buildActionMask = 2147483647;
			files = (
				C7AB83221F3CAB1E0007A5FE /* LaunchScreen.storyboard in Resources */,
				C7AB831F1F3CAB1E0007A5FE /* Assets.xcassets in Resources */,
				C7AB831D1F3CAB1E0007A5FE /* Main.storyboard in Resources */,
			);
			runOnlyForDeploymentPostprocessing = 0;
		};
/* End PBXResourcesBuildPhase section */

/* Begin PBXSourcesBuildPhase section */
		C7AB83101F3CAB1D0007A5FE /* Sources */ = {
			isa = PBXSourcesBuildPhase;
			buildActionMask = 2147483647;
			files = (
				C7AB832B1F3CAC320007A5FE /* CalculatorBrain.swift in Sources */,
				C7AB831A1F3CAB1E0007A5FE /* ViewController.swift in Sources */,
				C7AB83181F3CAB1E0007A5FE /* AppDelegate.swift in Sources */,
			);
			runOnlyForDeploymentPostprocessing = 0;
		};
/* End PBXSourcesBuildPhase section */

/* Begin PBXVariantGroup section */
		C7AB831B1F3CAB1E0007A5FE /* Main.storyboard */ = {
			isa = PBXVariantGroup;
			children = (
				C7AB831C1F3CAB1E0007A5FE /* Base */,
			);
			name = Main.storyboard;
			sourceTree = "<group>";
		};
		C7AB83201F3CAB1E0007A5FE /* LaunchScreen.storyboard */ = {
			isa = PBXVariantGroup;
			children = (
				C7AB83211F3CAB1E0007A5FE /* Base */,
			);
			name = LaunchScreen.storyboard;
			sourceTree = "<group>";
		};
/* End PBXVariantGroup section */

/* Begin XCBuildConfiguration section */
		C7AB83241F3CAB1E0007A5FE /* Debug */ = {
			isa = XCBuildConfiguration;
			buildSettings = {
				ALWAYS_SEARCH_USER_PATHS = NO;
				CLANG_ANALYZER_NONNULL = YES;
				CLANG_CXX_LANGUAGE_STANDARD = "gnu++0x";
				CLANG_CXX_LIBRARY = "libc++";
				CLANG_ENABLE_MODULES = YES;
				CLANG_ENABLE_OBJC_ARC = YES;
				CLANG_WARN_BOOL_CONVERSION = YES;
				CLANG_WARN_CONSTANT_CONVERSION = YES;
				CLANG_WARN_DIRECT_OBJC_ISA_USAGE = YES_ERROR;
				CLANG_WARN_DOCUMENTATION_COMMENTS = YES;
				CLANG_WARN_EMPTY_BODY = YES;
				CLANG_WARN_ENUM_CONVERSION = YES;
				CLANG_WARN_INFINITE_RECURSION = YES;
				CLANG_WARN_INT_CONVERSION = YES;
				CLANG_WARN_OBJC_ROOT_CLASS = YES_ERROR;
				CLANG_WARN_SUSPICIOUS_MOVES = YES;
				CLANG_WARN_UNREACHABLE_CODE = YES;
				CLANG_WARN__DUPLICATE_METHOD_MATCH = YES;
				"CODE_SIGN_IDENTITY[sdk=iphoneos*]" = "iPhone Developer";
				COPY_PHASE_STRIP = NO;
				DEBUG_INFORMATION_FORMAT = dwarf;
				ENABLE_STRICT_OBJC_MSGSEND = YES;
				ENABLE_TESTABILITY = YES;
				GCC_C_LANGUAGE_STANDARD = gnu99;
				GCC_DYNAMIC_NO_PIC = NO;
				GCC_NO_COMMON_BLOCKS = YES;
				GCC_OPTIMIZATION_LEVEL = 0;
				GCC_PREPROCESSOR_DEFINITIONS = (
					"DEBUG=1",
					"$(inherited)",
				);
				GCC_WARN_64_TO_32_BIT_CONVERSION = YES;
				GCC_WARN_ABOUT_RETURN_TYPE = YES_ERROR;
				GCC_WARN_UNDECLARED_SELECTOR = YES;
				GCC_WARN_UNINITIALIZED_AUTOS = YES_AGGRESSIVE;
				GCC_WARN_UNUSED_FUNCTION = YES;
				GCC_WARN_UNUSED_VARIABLE = YES;
				IPHONEOS_DEPLOYMENT_TARGET = 10.0;
				MTL_ENABLE_DEBUG_INFO = YES;
				ONLY_ACTIVE_ARCH = YES;
				SDKROOT = iphoneos;
				SWIFT_ACTIVE_COMPILATION_CONDITIONS = DEBUG;
				SWIFT_OPTIMIZATION_LEVEL = "-Onone";
				TARGETED_DEVICE_FAMILY = "1,2";
			};
			name = Debug;
		};
		C7AB83251F3CAB1E0007A5FE /* Release */ = {
			isa = XCBuildConfiguration;
			buildSettings = {
				ALWAYS_SEARCH_USER_PATHS = NO;
				CLANG_ANALYZER_NONNULL = YES;
				CLANG_CXX_LANGUAGE_STANDARD = "gnu++0x";
				CLANG_CXX_LIBRARY = "libc++";
				CLANG_ENABLE_MODULES = YES;
				CLANG_ENABLE_OBJC_ARC = YES;
				CLANG_WARN_BOOL_CONVERSION = YES;
				CLANG_WARN_CONSTANT_CONVERSION = YES;
				CLANG_WARN_DIRECT_OBJC_ISA_USAGE = YES_ERROR;
				CLANG_WARN_DOCUMENTATION_COMMENTS = YES;
				CLANG_WARN_EMPTY_BODY = YES;
				CLANG_WARN_ENUM_CONVERSION = YES;
				CLANG_WARN_INFINITE_RECURSION = YES;
				CLANG_WARN_INT_CONVERSION = YES;
				CLANG_WARN_OBJC_ROOT_CLASS = YES_ERROR;
				CLANG_WARN_SUSPICIOUS_MOVES = YES;
				CLANG_WARN_UNREACHABLE_CODE = YES;
				CLANG_WARN__DUPLICATE_METHOD_MATCH = YES;
				"CODE_SIGN_IDENTITY[sdk=iphoneos*]" = "iPhone Developer";
				COPY_PHASE_STRIP = NO;
				DEBUG_INFORMATION_FORMAT = "dwarf-with-dsym";
				ENABLE_NS_ASSERTIONS = NO;
				ENABLE_STRICT_OBJC_MSGSEND = YES;
				GCC_C_LANGUAGE_STANDARD = gnu99;
				GCC_NO_COMMON_BLOCKS = YES;
				GCC_WARN_64_TO_32_BIT_CONVERSION = YES;
				GCC_WARN_ABOUT_RETURN_TYPE = YES_ERROR;
				GCC_WARN_UNDECLARED_SELECTOR = YES;
				GCC_WARN_UNINITIALIZED_AUTOS = YES_AGGRESSIVE;
				GCC_WARN_UNUSED_FUNCTION = YES;
				GCC_WARN_UNUSED_VARIABLE = YES;
				IPHONEOS_DEPLOYMENT_TARGET = 10.0;
				MTL_ENABLE_DEBUG_INFO = NO;
				SDKROOT = iphoneos;
				SWIFT_OPTIMIZATION_LEVEL = "-Owholemodule";
				TARGETED_DEVICE_FAMILY = "1,2";
				VALIDATE_PRODUCT = YES;
			};
			name = Release;
		};
		C7AB83271F3CAB1E0007A5FE /* Debug */ = {
			isa = XCBuildConfiguration;
			buildSettings = {
				ASSETCATALOG_COMPILER_APPICON_NAME = AppIcon;
				DEVELOPMENT_TEAM = 87WM9EFVDN;
				INFOPLIST_FILE = stanford/Info.plist;
				IPHONEOS_DEPLOYMENT_TARGET = 9.3;
				LD_RUNPATH_SEARCH_PATHS = "$(inherited) @executable_path/Frameworks";
				PRODUCT_BUNDLE_IDENTIFIER = com.gautambaghel.stanford;
				PRODUCT_NAME = "$(TARGET_NAME)";
				SWIFT_VERSION = 3.0;
			};
			name = Debug;
		};
		C7AB83281F3CAB1E0007A5FE /* Release */ = {
			isa = XCBuildConfiguration;
			buildSettings = {
				ASSETCATALOG_COMPILER_APPICON_NAME = AppIcon;
				DEVELOPMENT_TEAM = 87WM9EFVDN;
				INFOPLIST_FILE = stanford/Info.plist;
				IPHONEOS_DEPLOYMENT_TARGET = 9.3;
				LD_RUNPATH_SEARCH_PATHS = "$(inherited) @executable_path/Frameworks";
				PRODUCT_BUNDLE_IDENTIFIER = com.gautambaghel.stanford;
				PRODUCT_NAME = "$(TARGET_NAME)";
				SWIFT_VERSION = 3.0;
			};
			name = Release;
		};
/* End XCBuildConfiguration section */

/* Begin XCConfigurationList section */
		C7AB830F1F3CAB1D0007A5FE /* Build configuration list for PBXProject "stanford" */ = {
			isa = XCConfigurationList;
			buildConfigurations = (
				C7AB83241F3CAB1E0007A5FE /* Debug */,
				C7AB83251F3CAB1E0007A5FE /* Release */,
			);
			defaultConfigurationIsVisible = 0;
			defaultConfigurationName = Release;
		};
		C7AB83261F3CAB1E0007A5FE /* Build configuration list for PBXNativeTarget "stanford" */ = {
			isa = XCConfigurationList;
			buildConfigurations = (
				C7AB83271F3CAB1E0007A5FE /* Debug */,
				C7AB83281F3CAB1E0007A5FE /* Release */,
			);
			defaultConfigurationIsVisible = 0;
		};
/* End XCConfigurationList section */
	};
	rootObject = C7AB830C1F3CAB1D0007A5FE /* Project object */;
}
